
Microsoft Visual Studio Solution File, Format Version 12.00
# Visual Studio Version 17
VisualStudioVersion = 17.9.34728.123
MinimumVisualStudioVersion = 10.0.40219.1
Project("{FAE04EC0-301F-11D3-BF4B-00C04F79EFBC}") = "E-4", "E-4\E-4.csproj", "{1B6FDCF8-789A-40C0-89AE-F2ACCB2A1ED2}"
EndProject
Global
	GlobalSection(SolutionConfigurationPlatforms) = preSolution
		Debug|Any CPU = Debug|Any CPU
		Release|Any CPU = Release|Any CPU
	EndGlobalSection
	GlobalSection(ProjectConfigurationPlatforms) = postSolution
		{1B6FDCF8-789A-40C0-89AE-F2ACCB2A1ED2}.Debug|Any CPU.ActiveCfg = Debug|Any CPU
		{1B6FDCF8-789A-40C0-89AE-F2ACCB2A1ED2}.Debug|Any CPU.Build.0 = Debug|Any CPU
		{1B6FDCF8-789A-40C0-89AE-F2ACCB2A1ED2}.Release|Any CPU.ActiveCfg = Release|Any CPU
		{1B6FDCF8-789A-40C0-89AE-F2ACCB2A1ED2}.Release|Any CPU.Build.0 = Release|Any CPU
	EndGlobalSection
	GlobalSection(SolutionProperties) = preSolution
		HideSolutionNode = FALSE
	EndGlobalSection
	GlobalSection(ExtensibilityGlobals) = postSolution
		SolutionGuid = {F0361EAC-3507-42C3-83AD-6321838CEDF2}
	EndGlobalSection
EndGlobal
