
Microsoft Visual Studio Solution File, Format Version 12.00
# Visual Studio Version 17
VisualStudioVersion = 17.9.34728.123
MinimumVisualStudioVersion = 10.0.40219.1
Project("{FAE04EC0-301F-11D3-BF4B-00C04F79EFBC}") = "EJERCICIO 4 INFOR", "EJERCICIO 4 INFOR\EJERCICIO 4 INFOR.csproj", "{37E94ACA-732F-4E09-B4E3-DA65F62B4C27}"
EndProject
Global
	GlobalSection(SolutionConfigurationPlatforms) = preSolution
		Debug|Any CPU = Debug|Any CPU
		Release|Any CPU = Release|Any CPU
	EndGlobalSection
	GlobalSection(ProjectConfigurationPlatforms) = postSolution
		{37E94ACA-732F-4E09-B4E3-DA65F62B4C27}.Debug|Any CPU.ActiveCfg = Debug|Any CPU
		{37E94ACA-732F-4E09-B4E3-DA65F62B4C27}.Debug|Any CPU.Build.0 = Debug|Any CPU
		{37E94ACA-732F-4E09-B4E3-DA65F62B4C27}.Release|Any CPU.ActiveCfg = Release|Any CPU
		{37E94ACA-732F-4E09-B4E3-DA65F62B4C27}.Release|Any CPU.Build.0 = Release|Any CPU
	EndGlobalSection
	GlobalSection(SolutionProperties) = preSolution
		HideSolutionNode = FALSE
	EndGlobalSection
	GlobalSection(ExtensibilityGlobals) = postSolution
		SolutionGuid = {1A2313F4-3B14-4F2E-844E-74C6E5E328A7}
	EndGlobalSection
EndGlobal
